{
  "name": "@af-modules/databinding",
  "version": "1.2.1",
  "lockfileVersion": 1,
  "requires": true,
  "dependencies": {
    "application-frame": {
      "version": "1.2.1",
      "resolved": "https://registry.npmjs.org/application-frame/-/application-frame-1.2.1.tgz",
      "integrity": "sha512-YLuRE/rQB4OH8PMSYHDQaNWk6oAP0vJ2U67TbuzMBJOf9IPkvF5qfaxOwDeepXlQB4nOmFttmY5F0iu7flk+Pw==",
      "requires": {
        "callsite": "^1.0.0"
      }
    },
    "callsite": {
      "version": "1.0.0",
      "resolved": "https://registry.npmjs.org/callsite/-/callsite-1.0.0.tgz",
      "integrity": "sha1-KAOY5dZkvXQDi28JBRU+borxvCA="
    }
  }
}
