{
  "name": "@af-modules/databinding",
  "version": "1.2.1",
  "lockfileVersion": 1,
  "requires": true,
  "dependencies": {
    "application-frame": {
      "version": "1.2.0",
      "resolved": "https://registry.npmjs.org/application-frame/-/application-frame-1.2.0.tgz",
      "integrity": "sha512-JYjO8C0idzVQtpAj8T7LGAuLrd2PO49s1KXyUOq/+L0o2b+FbUIIsr1erhMtZkVPe6OLKZSAAQwHLBewpxyw4A==",
      "requires": {
        "callsite": "^1.0.0"
      }
    },
    "callsite": {
      "version": "1.0.0",
      "resolved": "https://registry.npmjs.org/callsite/-/callsite-1.0.0.tgz",
      "integrity": "sha1-KAOY5dZkvXQDi28JBRU+borxvCA="
    }
  }
}
