{
  "name": "@af-modules/databinding",
  "version": "1.2.1",
  "lockfileVersion": 1,
  "requires": true,
  "dependencies": {
    "application-frame": {
      "version": "1.1.0",
      "resolved": "https://registry.npmjs.org/application-frame/-/application-frame-1.1.0.tgz",
      "integrity": "sha512-V+kRhunarQiY0jPkR7ZxNC2bGL6RayoK9FOnoAGl/61XI2Rmtpb8DKRCVe/E5Hl7g5BBY2ZOwdd9UVeaJIjuSg==",
      "requires": {
        "callsite": "^1.0.0"
      }
    },
    "callsite": {
      "version": "1.0.0",
      "resolved": "https://registry.npmjs.org/callsite/-/callsite-1.0.0.tgz",
      "integrity": "sha1-KAOY5dZkvXQDi28JBRU+borxvCA="
    }
  }
}
